9fans.net/go v0.0.0-20181112161441-237454027057/go.mod h1:diCsxrliIURU9xsYtjCp5AbpQKqdhKmf0ujWDUSkfoY=
9fans.net/go v0.0.2/go.mod h1:lfPdxjq9v8pVQXUMBCx5EO5oLXWQFlKRQgs1kEkjoIM=
cloud.google.com/go v0.26.0/go.mod h1:aQUYkXzVsufM+DwF1aE+0xfcU+56JwCaLick0ClmMTw=
cloud.google.com/go v0.34.0/go.mod h1:aQUYkXzVsufM+DwF1aE+0xfcU+56JwCaLick0ClmMTw=
cloud.google.com/go v0.38.0/go.mod h1:990N+gfupTy94rShfmMCWGDn0LpTmnzTp2qbd1dvSRU=
cloud.google.com/go v0.44.1/go.mod h1:iSa0KzasP4Uvy3f1mN/7PiObzGgflwredwwASm/v6AU=
cloud.google.com/go v0.44.2/go.mod h1:60680Gw3Yr4ikxnPRS/oxxkBccT6SA1yMk63TGekxKY=
cloud.google.com/go v0.45.1/go.mod h1:RpBamKRgapWJb87xiFSdk4g1CME7QZg3uwTez+TSTjc=
cloud.google.com/go v0.46.3/go.mod h1:a6bKKbmY7er1mI7TEI4lsAkts/mkhTSZK8w33B4RAg0=
cloud.google.com/go v0.51.0/go.mod h1:hWtGJ6gnXH+KgDv+V0zFGDvpi07n3z8ZNj3T1RW0Gcw=
cloud.google.com/go/bigquery v1.0.1/go.mod h1:i/xbL2UlR5RvWAURpBYZTtm/cXjCha9lbfbpx4poX+o=
cloud.google.com/go/datastore v1.0.0/go.mod h1:LXYbyblFSglQ5pkeyhO+Qmw7ukd3C+pD7TKLgZqpHYE=
cloud.google.com/go/firestore v1.1.0/go.mod h1:ulACoGHTpvq5r8rxGJ4ddJZBZqakUQqClKRT5SZwBmk=
cloud.google.com/go/pubsub v1.0.1/go.mod h1:R0Gpsv3s54REJCy4fxDixWD93lHJMoZTyQ2kNxGRt3I=
cloud.google.com/go/storage v1.0.0/go.mod h1:IhtSnM/ZTZV8YYJWCY8RULGVqBDmpoyjwiyrjsg+URw=
dmitri.shuralyov.com/gpu/mtl v0.0.0-20190408044501-666a987793e9/go.mod h1:H6x//7gZCb22OMCxBHrMx7a5I7Hp++hsVxbQ4BYO7hU=
github.com/BurntSushi/toml v0.3.1/go.mod h1:xHWCNGjB5oqiDr8zfno3MHue2Ht5sIBksp03qcyfWMU=
github.com/BurntSushi/xgb v0.0.0-20160522181843-27f122750802/go.mod h1:IVnqGOEym/WlBOVXweHU+Q+/VP0lqqI8lqeDx9IjBqo=
github.com/census-instrumentation/opencensus-proto v0.2.1/go.mod h1:f6KPmirojxKA12rnyqOA5BBL4O983OfeGPqjHWSTneU=
github.com/chzyer/logex v1.1.10/go.mod h1:+Ywpsq7O8HXn0nuIou7OrIPyXbp3wmkHB+jjWRnGsAI=
github.com/chzyer/readline v0.0.0-20180603132655-2972be24d48e/go.mod h1:nSuG5e5PlCu98SY8svDHJxuZscDgtXS6KTTbou5AhLI=
github.com/chzyer/test v0.0.0-20180213035817-a1ea475d72b1/go.mod h1:Q3SI9o4m/ZMnBNeIyt5eFwwo7qiLfzFZmjNmxjkiQlU=
github.com/client9/misspell v0.3.4/go.mod h1:qj6jICC3Q7zFZvVWo7KLAzC3yx5G7kyvSDkc90ppPyw=
github.com/creack/pty v1.1.9/go.mod h1:oKZEueFk5CKHvIhNR5MUki03XCEU+Q6VDXinZuGJ33E=
github.com/danieljoos/wincred v1.0.2/go.mod h1:SnuYRW9lp1oJrZX/dXJqr0cPK5gYXqx3EJbmjhLdK9U=
github.com/danieljoos/wincred v1.0.3-0.20190627210546-1fd2f0dfbd6a h1:76u4hHG3lajlrKSSdtWq0KYKRYFd2OSjTSaKe+FYjLI=
github.com/danieljoos/wincred v1.0.3-0.20190627210546-1fd2f0dfbd6a/go.mod h1:SnuYRW9lp1oJrZX/dXJqr0cPK5gYXqx3EJbmjhLdK9U=
github.com/davecgh/go-spew v1.1.0/go.mod h1:J7Y8YcW2NihsgmVo/mv3lAwl/skON4iLHjSsI+c5H38=
github.com/davecgh/go-spew v1.1.1 h1:vj9j/u1bqnvCEfJOwUhtlOARqs3+rkHYY13jYWTU97c=
github.com/davecgh/go-spew v1.1.1/go.mod h1:J7Y8YcW2NihsgmVo/mv3lAwl/skON4iLHjSsI+c5H38=
github.com/dgrijalva/jwt-go v3.2.0+incompatible/go.mod h1:E3ru+11k8xSBh+hMPgOLZmtrrCbhqsmaPHjLKYnJCaQ=
github.com/envoyproxy/go-control-plane v0.9.1-0.20191026205805-5f8ba28d4473/go.mod h1:YTl/9mNaCwkRvm6d1a2C3ymFceY/DCBVvsKhRF0iEA4=
github.com/envoyproxy/protoc-gen-validate v0.1.0/go.mod h1:iSmxcyjqTsJpI2R4NaDN7+kN2VEUnK/pcBlmesArF7c=
github.com/flynn/noise v0.0.0-20180327030543-2492fe189ae6 h1:u/UEqS66A5ckRmS4yNpjmVH56sVtS/RfclBAYocb4as=
github.com/flynn/noise v0.0.0-20180327030543-2492fe189ae6/go.mod h1:1i71OnUq3iUe1ma7Lr6yG6/rjvM3emb6yoL7xLFzcVQ=
github.com/go-gl/glfw v0.0.0-20190409004039-e6da0acd62b1/go.mod h1:vR7hzQXu2zJy9AVAgeJqvqgH9Q5CA+iKCZ2gyEVpxRU=
github.com/go-gl/glfw/v3.3/glfw v0.0.0-20191125211704-12ad95a8df72/go.mod h1:tQ2UAYgL5IevRw8kRxooKSPJfGvJ9fJQFa0TUsXzTg8=
github.com/godbus/dbus v4.1.0+incompatible h1:WqqLRTsQic3apZUK9qC5sGNfXthmPXzUZ7nQPrNITa4=
github.com/godbus/dbus v4.1.0+incompatible/go.mod h1:/YcGZj5zSblfDWMMoOzV4fas9FZnQYTkDnsGvmh2Grw=
github.com/golang/glog v0.0.0-20160126235308-23def4e6c14b/go.mod h1:SBH7ygxi8pfUlaOkMMuAQtPIUF8ecWP5IEl/CR7VP2Q=
github.com/golang/groupcache v0.0.0-20190702054246-869f871628b6/go.mod h1:cIg4eruTrX1D+g88fzRXU5OdNfaM+9IcxsU14FzY7Hc=
github.com/golang/groupcache v0.0.0-20191227052852-215e87163ea7/go.mod h1:cIg4eruTrX1D+g88fzRXU5OdNfaM+9IcxsU14FzY7Hc=
github.com/golang/mock v1.1.1/go.mod h1:oTYuIxOrZwtPieC+H1uAHpcLFnEyAGVDL/k47Jfbm0A=
github.com/golang/mock v1.2.0/go.mod h1:oTYuIxOrZwtPieC+H1uAHpcLFnEyAGVDL/k47Jfbm0A=
github.com/golang/mock v1.3.1/go.mod h1:sBzyDLLjw3U8JLTeZvSv8jJB+tU5PVekmnlKIyFUx0Y=
github.com/golang/protobuf v1.2.0/go.mod h1:6lQm79b+lXiMfvg/cZm0SGofjICqVBUtrP5yJMmIC1U=
github.com/golang/protobuf v1.3.1/go.mod h1:6lQm79b+lXiMfvg/cZm0SGofjICqVBUtrP5yJMmIC1U=
github.com/golang/protobuf v1.3.2/go.mod h1:6lQm79b+lXiMfvg/cZm0SGofjICqVBUtrP5yJMmIC1U=
github.com/golang/protobuf v1.3.4 h1:87PNWwrRvUSnqS4dlcBU/ftvOIBep4sYuBLlh6rX2wk=
github.com/golang/protobuf v1.3.4/go.mod h1:vzj43D7+SQXF/4pzW/hwtAqwc6iTitCiVSaWz5lYuqw=
github.com/google/btree v0.0.0-20180813153112-4030bb1f1f0c/go.mod h1:lNA+9X1NB3Zf8V7Ke586lFgjr2dZNuvo3lPJSGZ5JPQ=
github.com/google/btree v1.0.0/go.mod h1:lNA+9X1NB3Zf8V7Ke586lFgjr2dZNuvo3lPJSGZ5JPQ=
github.com/google/go-cmp v0.2.0/go.mod h1:oXzfMopK8JAjlY9xF4vHSVASa0yLyX7SntLO5aqRK0M=
github.com/google/go-cmp v0.3.0/go.mod h1:8QqcDgzrUqlUb/G2PQTWiueGozuR1884gddMywk6iLU=
github.com/google/go-cmp v0.3.1/go.mod h1:8QqcDgzrUqlUb/G2PQTWiueGozuR1884gddMywk6iLU=
github.com/google/martian v2.1.0+incompatible/go.mod h1:9I4somxYTbIHy5NJKHRl3wXiIaQGbYVAs8BPL6v8lEs=
github.com/google/pprof v0.0.0-20181206194817-3ea8567a2e57/go.mod h1:zfwlbNMJ+OItoe0UupaVj+oy1omPYYDuagoSzA8v9mc=
github.com/google/pprof v0.0.0-20190515194954-54271f7e092f/go.mod h1:zfwlbNMJ+OItoe0UupaVj+oy1omPYYDuagoSzA8v9mc=
github.com/google/pprof v0.0.0-20191218002539-d4f498aebedc/go.mod h1:ZgVRPoUq/hfqzAqh7sHMqb3I9Rq5C59dIz2SbBwJ4eM=
github.com/google/renameio v0.1.0/go.mod h1:KWCgfxg9yswjAJkECMjeO8J8rahYeXnNhOm40UhjYkI=
github.com/googleapis/gax-go/v2 v2.0.4/go.mod h1:0Wqv26UfaUD9n4G6kQubkQ+KchISgw+vpHVxEJEs9eg=
github.com/googleapis/gax-go/v2 v2.0.5/go.mod h1:DWXyrwAJ9X0FpwwEdw+IPEYBICEFu5mhpdKc/us6bOk=
github.com/gorilla/websocket v1.4.2 h1:+/TMaTYc4QFitKJxsQ7Yye35DkWvkdLcvGKqM+x0Ufc=
github.com/gorilla/websocket v1.4.2/go.mod h1:YR8l580nyteQvAITg2hZ9XVh4b55+EU/adAjf1fMHhE=
github.com/hashicorp/golang-lru v0.5.0/go.mod h1:/m3WP610KZHVQ1SGc6re/UDhFvYD7pJ4Ao+sR/qLZy8=
github.com/hashicorp/golang-lru v0.5.1/go.mod h1:/m3WP610KZHVQ1SGc6re/UDhFvYD7pJ4Ao+sR/qLZy8=
github.com/ianlancetaylor/demangle v0.0.0-20181102032728-5e5cf60278f6/go.mod h1:aSSvb/t6k1mPoxDqO4vJh6VOCGPwU4O0C2/Eqndh1Sc=
github.com/jstemmer/go-junit-report v0.0.0-20190106144839-af01ea7f8024/go.mod h1:6v2b51hI/fHJwM22ozAgKL4VKDeJcHhJFhtBdhmNjmU=
github.com/jstemmer/go-junit-report v0.9.1/go.mod h1:Brl9GWCQeLvo8nXZwPNNblvFj/XSXhF0NWZEnDohbsk=
github.com/keybase/go-codec v0.0.0-20180928230036-164397562123 h1:yg56lYPqh9suJepqxOMd/liFgU/x+maRPiB30JNYykM=
github.com/keybase/go-codec v0.0.0-20180928230036-164397562123/go.mod h1:r/eVVWCngg6TsFV/3HuS9sWhDkAzGG8mXhiuYA+Z/20=
github.com/keybase/go-keychain v0.0.0-20191220220820-f65a47cbe0b1 h1:Lk38J60jgB05LTkSEElUXe49VEzWMNrPyPFf2vhKM1k=
github.com/keybase/go-keychain v0.0.0-20191220220820-f65a47cbe0b1/go.mod h1:JJNrCn9otv/2QP4D7SMJBgaleKpOf66PnW6F5WGNRIc=
github.com/keybase/go-keychain v0.0.0-20200325143049-65d7292bc904 h1:DY3h3lRm1saOwqaKFqIaVVjmNzLfafTKySvMLzc/oNA=
github.com/keybase/go-keychain v0.0.0-20200325143049-65d7292bc904/go.mod h1:W6EbaYmb4RldPn0N3gvVHjY1wmU59kbymhW9NATWhwY=
github.com/keybase/go.dbus v0.0.0-20200324223359-a94be52c0b03/go.mod h1:a8clEhrrGV/d76/f9r2I41BwANMihfZYV9C223vaxqE=
github.com/keybase/saltpack v0.0.0-20190828020936-3f47e8e2e6ec h1:ejQ18jEAjyiFen49m7h8x46kzC3heD/HbUiOPzBLVWg=
github.com/keybase/saltpack v0.0.0-20190828020936-3f47e8e2e6ec/go.mod h1:loEJH62iafRcA8ZYlUEq9WgJh/Z9BHdHHfAmxzacQng=
github.com/keybase/saltpack v0.0.0-20200228190633-d75baa96bffb h1:+AxJjayBs1yJrAddiOyvj7EjuN7ag1gl9QFszNTQX2M=
github.com/keybase/saltpack v0.0.0-20200228190633-d75baa96bffb/go.mod h1:loEJH62iafRcA8ZYlUEq9WgJh/Z9BHdHHfAmxzacQng=
github.com/keys-pub/keys v0.0.0-20200324161647-7b75199a4717/go.mod h1:k/6AQo72ji46Q03AX8C2jLUd4dmGM6djrEZY+LVr6Ww=
github.com/keys-pub/keys v0.0.0-20200326170554-f32fbcc6b18f h1:vCfUiujsOpTgP4lZy5IWh7VsOU8M1e/uh2FS5UOCWCQ=
github.com/keys-pub/keys v0.0.0-20200326170554-f32fbcc6b18f/go.mod h1:k/6AQo72ji46Q03AX8C2jLUd4dmGM6djrEZY+LVr6Ww=
github.com/keys-pub/keys v0.0.0-20200331185030-55a865de2063 h1:ehypcXX+X9YS/g4oYE/2TEN0wzQBfVe2ZtPlxG2KR3M=
github.com/keys-pub/keys v0.0.0-20200331185030-55a865de2063/go.mod h1:k/6AQo72ji46Q03AX8C2jLUd4dmGM6djrEZY+LVr6Ww=
github.com/keys-pub/keys v0.0.0-20200401235945-acb465cc8c62 h1:YICmIX2caP/5+1rkV4kG0fUqdB1XcSl/t1b7UElEwGU=
github.com/keys-pub/keys v0.0.0-20200401235945-acb465cc8c62/go.mod h1:k/6AQo72ji46Q03AX8C2jLUd4dmGM6djrEZY+LVr6Ww=
github.com/keys-pub/keys v0.0.0-20200402182809-2e21a424687e h1:jwKKnW2E1mdmu+LL1cN5a6LOnq64RAB32cf53/O2khI=
github.com/keys-pub/keys v0.0.0-20200402182809-2e21a424687e/go.mod h1:k/6AQo72ji46Q03AX8C2jLUd4dmGM6djrEZY+LVr6Ww=
github.com/keys-pub/keys v0.0.0-20200404173304-79bb3678c299 h1:GSJLppwAFD0ltuo4kbaO+jYFJ+vXA+ml2JP6UukeSts=
github.com/keys-pub/keys v0.0.0-20200404173304-79bb3678c299/go.mod h1:k/6AQo72ji46Q03AX8C2jLUd4dmGM6djrEZY+LVr6Ww=
github.com/keys-pub/keys v0.0.0-20200404175525-c68f23ea44c3 h1:uq9QEyOWlcpx+OdsBRL99sfjl91FENBnUpBDv/jgodw=
github.com/keys-pub/keys v0.0.0-20200404175525-c68f23ea44c3/go.mod h1:k/6AQo72ji46Q03AX8C2jLUd4dmGM6djrEZY+LVr6Ww=
github.com/keys-pub/keys v0.0.0-20200412190229-71b7a426a7ab h1:D7YOtUfZ34F99SW9mdZic8lG1LASUUGojHGtxfS6kds=
github.com/keys-pub/keys v0.0.0-20200412190229-71b7a426a7ab/go.mod h1:LWDVrixSjx446s2aLIcJ6ML5ir4vX3kJ3mVvJYXI/Xc=
github.com/keys-pub/keys v0.0.0-20200412200254-31b8d55ab729 h1:fIzybwBzhEulMxP26PcgX1c82qVLKRLyk3HJTsXL7ZE=
github.com/keys-pub/keys v0.0.0-20200413002436-33c0c3d4ec1b h1:P9+8upxxJyZK95YnG3ONgDceGGJ/e25uabBVeeJslBo=
github.com/keys-pub/keys v0.0.0-20200413002436-33c0c3d4ec1b/go.mod h1:LWDVrixSjx446s2aLIcJ6ML5ir4vX3kJ3mVvJYXI/Xc=
github.com/keys-pub/keys v0.0.0-20200413004324-63e8a0774692 h1:S/I38MPrpBCZqvJboeF8O4YmrGr6c6I0MgTulpR/hgQ=
github.com/keys-pub/keys v0.0.0-20200413004324-63e8a0774692/go.mod h1:LWDVrixSjx446s2aLIcJ6ML5ir4vX3kJ3mVvJYXI/Xc=
github.com/keys-pub/keys v0.0.0-20200414165426-6b7f7009114b h1:k+BaDSxJSjl1xYe25SMQNvNo7/knETHmB5/Kw80nxJw=
github.com/keys-pub/keys v0.0.0-20200414165426-6b7f7009114b/go.mod h1:K0JoWRBSAgH50/fJpI+6yPgYTj2TCOncJhSVixAa0Xo=
github.com/keys-pub/keys v0.0.0-20200430211548-6fb40415e189/go.mod h1:K0JoWRBSAgH50/fJpI+6yPgYTj2TCOncJhSVixAa0Xo=
github.com/keys-pub/keys v0.0.0-20200502224822-2d9344445248 h1:e/wNA99rE02V/jNI7KLNyPO68M/sCjW/gFEeABLu+H8=
github.com/keys-pub/keys v0.0.0-20200502224822-2d9344445248/go.mod h1:K0JoWRBSAgH50/fJpI+6yPgYTj2TCOncJhSVixAa0Xo=
github.com/keys-pub/keys v0.0.0-20200506185058-697fd4757490 h1:5jP8vQBLoa8kWSl8Bfi0T76oCcG/FfuA1V3B6T9k1eA=
github.com/keys-pub/keys v0.0.0-20200506185058-697fd4757490/go.mod h1:K0JoWRBSAgH50/fJpI+6yPgYTj2TCOncJhSVixAa0Xo=
github.com/keys-pub/keys v0.0.0-20200510160216-ad7bde5b0492 h1:0hQkPzIUTLR89kLbnPiKmO5xg8mPvQSJFp9Hc/5Jqew=
github.com/keys-pub/keys v0.0.0-20200510160216-ad7bde5b0492/go.mod h1:K0JoWRBSAgH50/fJpI+6yPgYTj2TCOncJhSVixAa0Xo=
github.com/keys-pub/keysd v0.0.25 h1:k3OOmXGq2qUGizSRY2XHSEeD47eZs4FVWRK3sSKvPUU=
github.com/keys-pub/keysd v0.0.26 h1:DjQlBzNv+SDiphQVxKJeme8m5qLp9FQv99La9eX9PYw=
github.com/keys-pub/keysd/firestore v0.0.0-20200402001553-a48dd08bde65/go.mod h1:MkLooStrWRpUVXL3YXo3Exd5Zo5bMPXL94didRG38c4=
github.com/keys-pub/keysd/firestore v0.0.0-20200402183018-a85eceb453b1/go.mod h1:eVgRwkC+HcgKTBv7JWenVZIVdSqPiwxAFyMgHAzH2Zs=
github.com/keys-pub/keysd/firestore v0.0.0-20200413003414-34e8a825f8fd/go.mod h1:9veij84OYGkGSNE7oI6FasAsDuFMm0wtjDoaQ//doIg=
github.com/keys-pub/keysd/firestore v0.0.0-20200414165918-c4b40ad4f02d/go.mod h1:uHZ1qZy+KH3/l5aYqt5eigLB5LnbukClDpPtcXL0nr4=
github.com/keys-pub/keysd/firestore v0.0.0-20200511185617-3242def70139/go.mod h1:uHZ1qZy+KH3/l5aYqt5eigLB5LnbukClDpPtcXL0nr4=
github.com/keys-pub/keysd/http/api v0.0.0-20200326173323-d53753a929e2 h1:rmPp/+bGzxAqaSCFpNX2E5PLEK99pDeNYaoU13sdiPs=
github.com/keys-pub/keysd/http/api v0.0.0-20200326173323-d53753a929e2/go.mod h1:pHF66DvsvhPLHnA1QSM/adRdq3JgAYEG532rWV269bs=
github.com/keys-pub/keysd/http/api v0.0.0-20200330224338-ac67d476f58e h1:i2zga0vkrT+HToKt4ueKwZEWLKrXioDQ+1wQNEzmz+8=
github.com/keys-pub/keysd/http/api v0.0.0-20200330224338-ac67d476f58e/go.mod h1:pHF66DvsvhPLHnA1QSM/adRdq3JgAYEG532rWV269bs=
github.com/keys-pub/keysd/http/api v0.0.0-20200402183018-a85eceb453b1 h1:xbCjlJvv+LMR7fO7dTpAUWh0hI2V3nlRCnnOc+D7Vnw=
github.com/keys-pub/keysd/http/api v0.0.0-20200402183018-a85eceb453b1/go.mod h1:pHF66DvsvhPLHnA1QSM/adRdq3JgAYEG532rWV269bs=
github.com/keys-pub/keysd/http/api v0.0.0-20200412190331-0e28c0a8f66f h1:8AXm97Nd/iu1zV/V9JDmMk3T88oB6227oDH2Sy8oXvQ=
github.com/keys-pub/keysd/http/api v0.0.0-20200412190331-0e28c0a8f66f/go.mod h1:OSIEb3BzTuKjFgNakbSWwoi6w2vnevE0iUkhXoivbOo=
github.com/keys-pub/keysd/http/api v0.0.0-20200414165929-c63be6975df3 h1:Vb6RaQXGMq9R1KucyvmuoC/6kPLjwIbV9dj15vDOQDo=
github.com/keys-pub/keysd/http/api v0.0.0-20200414165929-c63be6975df3/go.mod h1:30ARp9AEs3uiAfEkpr+TDi/7Gq3Z+Ew9NEft/oyo0EQ=
github.com/keys-pub/keysd/http/client v0.0.0-20200331185811-e1a2e7fb11dd h1:X/8w7VaZqtBItV0oD+XzwkV2DCuFTSl+rbcdjIVQiLA=
github.com/keys-pub/keysd/http/client v0.0.0-20200331185811-e1a2e7fb11dd/go.mod h1:zTq0OONFQNFWbTXuTZaVw1+QJsw9ZP8zdd1DtcuOoVo=
github.com/keys-pub/keysd/http/client v0.0.0-20200402000617-3e6e964877f0 h1:zwwWcMGBvevP2Qdx1WUXutApEZyN7l3Fr1WzOuHJNIM=
github.com/keys-pub/keysd/http/client v0.0.0-20200402000617-3e6e964877f0/go.mod h1:odI/4ypearrlWKYmcoK05KGO1VgOQ17rAWbch+P33Is=
github.com/keys-pub/keysd/http/client v0.0.0-20200402183529-73f44d9cd947 h1:0LFW68sX0wEMBVLWpYGHm5eg0iYkKEMPrtzYSLtoIQI=
github.com/keys-pub/keysd/http/client v0.0.0-20200402183529-73f44d9cd947/go.mod h1:Q1LGDASd0pH8mkGfoxwnchO965OfnValOT7LtjABqoo=
github.com/keys-pub/keysd/http/client v0.0.0-20200402191904-495668794c2d h1:k5BR4wKN9DWuK1iiTBmSA2P78u948QVArFLxRLT4vrI=
github.com/keys-pub/keysd/http/client v0.0.0-20200402191904-495668794c2d/go.mod h1:+4V949SoJ6pux962mmwHZTrr0tzDs3iZvxAFfZkub+8=
github.com/keys-pub/keysd/http/client v0.0.0-20200412190517-b37f5a8e82fa h1:EeU8d6cWbRKDtcckrcLTr1rRSpa9LVoJkSVMLkSV0hs=
github.com/keys-pub/keysd/http/client v0.0.0-20200412190517-b37f5a8e82fa/go.mod h1:W/VJlbSQ3jUFLnGT8ZghLst43rUWTNXzqwSdncl16UA=
github.com/keys-pub/keysd/http/client v0.0.0-20200413003215-f85e85366c95 h1:kBnK7C3IBOx9TE2k9DWN/2rlmaFx09b0/dBLhBZN5gI=
github.com/keys-pub/keysd/http/client v0.0.0-20200413003215-f85e85366c95/go.mod h1:W/VJlbSQ3jUFLnGT8ZghLst43rUWTNXzqwSdncl16UA=
github.com/keys-pub/keysd/http/client v0.0.0-20200413003633-6f40aa13430f h1:J/sl8zzGcxVyYjYASTV5uS/Ziq2p+IesPENn1htgMB0=
github.com/keys-pub/keysd/http/client v0.0.0-20200413003633-6f40aa13430f/go.mod h1:+j9My2JcEgXUGa6nYPaxiwawC3W7VebUeScrxq0DyXQ=
github.com/keys-pub/keysd/http/client v0.0.0-20200413004457-9dcc3d959be4 h1:y8jMfd2rbWazPD7qVGo207hLWM0NfnmCmYz0j2gw7LE=
github.com/keys-pub/keysd/http/client v0.0.0-20200413004457-9dcc3d959be4/go.mod h1:1PUtj08x8N9CGPWiW8E1awY3K/HfG0NQGFvlQlsomgI=
github.com/keys-pub/keysd/http/client v0.0.0-20200414170516-1e0e72775735 h1:l2LEsbxR6WPE/pgTnxX4a2J/p3SMV6LhO4jLpLLJNvw=
github.com/keys-pub/keysd/http/client v0.0.0-20200414170516-1e0e72775735/go.mod h1:/X+24BdKFlfktGjQ9HgI0D+o1gnCcq6ukRAMPY4Nrnw=
github.com/keys-pub/keysd/http/client v0.0.0-20200502225525-6683ec058775 h1:AcBnWfYsjf65Rw885CU1bliTQeoZCf9SLtnuZou2FTk=
github.com/keys-pub/keysd/http/client v0.0.0-20200502225525-6683ec058775/go.mod h1:ceOBBWb2QFX4Z7k2BC5UB0GlJraASw77u3pSRHKasfw=
github.com/keys-pub/keysd/http/client v0.0.0-20200506190359-b596a494cecb h1:jpFb0L66Ant0ZghJg+I8GjmTTJx2AiyEPvZsB+XSJHY=
github.com/keys-pub/keysd/http/client v0.0.0-20200506190359-b596a494cecb/go.mod h1:nM/EEH0pGfju+LjZVU3Ehc3qEzUnoe+/qGIUyjA4sa0=
github.com/keys-pub/keysd/http/client v0.0.0-20200510163101-274758b3bf6f h1:eiz5m/LzqL/kQWaSbuffnCfuP6MIcOjR+2WMPSqtPNk=
github.com/keys-pub/keysd/http/client v0.0.0-20200510163101-274758b3bf6f/go.mod h1:mQSp0RRS2nZD7bvrQK+uVCaAyiVNBFerltdf0z2v/So=
github.com/keys-pub/keysd/http/server v0.0.0-20200326173537-f15ed1afc333 h1:22/6C1TQV04GR2tqhVkbGFbiie1wtyKjkN+gOuHcgk8=
github.com/keys-pub/keysd/http/server v0.0.0-20200326173537-f15ed1afc333/go.mod h1:ohk4jItPx6eCF51jttjy9LxhOBdP8u6ewwD2kK3Lnts=
github.com/keys-pub/keysd/http/server v0.0.0-20200330224338-ac67d476f58e h1:lEijT1ubQk1WVeaTuxqAXFbAidhsN1MGvbLc+6NEMnA=
github.com/keys-pub/keysd/http/server v0.0.0-20200330224338-ac67d476f58e/go.mod h1:ohk4jItPx6eCF51jttjy9LxhOBdP8u6ewwD2kK3Lnts=
github.com/keys-pub/keysd/http/server v0.0.0-20200402000511-203002205fcc h1:I4599Q9B4h6kzVRkkcrQEYckn7N6Jx+pVUWdyfGlT3c=
github.com/keys-pub/keysd/http/server v0.0.0-20200402000511-203002205fcc/go.mod h1:ssKJmCUjR8DKLZve9+yGodD+grtlmgwpJuj1xk14eNg=
github.com/keys-pub/keysd/http/server v0.0.0-20200402183408-c83924fbc62e h1:hHYIhcvhg5rtfYqYj0MejW8e910kpO1q42NMdLy1tJw=
github.com/keys-pub/keysd/http/server v0.0.0-20200402183408-c83924fbc62e/go.mod h1:bw8ynlIs2o65zwiYgIN7LT75V3412m34ISRmXmNhMm4=
github.com/keys-pub/keysd/http/server v0.0.0-20200402191721-a864d6b0e313 h1:5n4zxmWrBllOGwzBex4vDTJV4U1ph0wKgIDzO4T3fXA=
github.com/keys-pub/keysd/http/server v0.0.0-20200402191721-a864d6b0e313/go.mod h1:bw8ynlIs2o65zwiYgIN7LT75V3412m34ISRmXmNhMm4=
github.com/keys-pub/keysd/http/server v0.0.0-20200412190405-409324eb28e6 h1:vit+VKfILcnlGUHUXn4Lv7f4Gs7GC3PYfh/jlJaLAPs=
github.com/keys-pub/keysd/http/server v0.0.0-20200412190405-409324eb28e6/go.mod h1:d1lBWjUZTA/qJBkLNisn7VHxHnfl7BUAFuT33s7xVRc=
github.com/keys-pub/keysd/http/server v0.0.0-20200413003542-7dbbe8346758 h1:ql4vv4jOX1F79GPpOlouMbFD0onkxrsfjBqBY9SKOpQ=
github.com/keys-pub/keysd/http/server v0.0.0-20200413003542-7dbbe8346758/go.mod h1:jnsGsKrHisxp9Fd8mPCvOD5yxzdPdIBf3/gRyWtINk4=
github.com/keys-pub/keysd/http/server v0.0.0-20200414170216-f05db9c1b454 h1:d/C6LEHJ5Kmm22meQ0fcH4bBdMm25Z0i84hXHqs7KHk=
github.com/keys-pub/keysd/http/server v0.0.0-20200414170216-f05db9c1b454/go.mod h1:iIC4vDGA1Bkn62wOelLmKWmZb48LFeqHoyvWJdOwaAY=
github.com/keys-pub/keysd/http/server v0.0.0-20200501185525-9bcc9dde28dd/go.mod h1:WYt1z49s3Mztkndo36YAN4n6WBSAX4LD+gr5g9RAMic=
github.com/keys-pub/keysd/http/server v0.0.0-20200502225525-6683ec058775 h1:f7ePSOShvcv0UNOWwkH0mJavsE+IUH4VytfR3DDkKio=
github.com/keys-pub/keysd/http/server v0.0.0-20200502225525-6683ec058775/go.mod h1:WYt1z49s3Mztkndo36YAN4n6WBSAX4LD+gr5g9RAMic=
github.com/keys-pub/keysd/http/server v0.0.0-20200511185813-99e69c14b2f4 h1:g2sp82pfcGim3NG3Y4+KMR0UYdhGmjTmnJAd8nZOsD0=
github.com/keys-pub/keysd/http/server v0.0.0-20200511185813-99e69c14b2f4/go.mod h1:KtpWCic9sUFVaE+HwNVgoaCsPqtowxSx9GAx1DuKZN8=
github.com/kisielk/gotool v1.0.0/go.mod h1:XhKaO+MFFWcvkIS/tQcRk01m1F5IRFswLeQ+oQHNcck=
github.com/kr/pretty v0.1.0 h1:L/CwN0zerZDmRFUapSPitk6f+Q3+0za1rQkzVuMiMFI=
github.com/kr/pretty v0.1.0/go.mod h1:dAy3ld7l9f0ibDNOQOHHMYYIIbhfbHSm3C4ZsoJORNo=
github.com/kr/pty v1.1.1/go.mod h1:pFQYn66WHrOpPYNljwOMqo10TkYh1fy3cYio2l3bCsQ=
github.com/kr/text v0.1.0 h1:45sCR5RtlFHMR4UwH9sdQ5TC8v0qDQCHnXt+kaKSTVE=
github.com/kr/text v0.1.0/go.mod h1:4Jbv+DJW3UT/LiOwJeYQe1efqtUx/iVham/4vfdArNI=
github.com/kr/text v0.2.0 h1:5Nx0Ya0ZqY2ygV366QzturHI13Jq95ApcVaJBhpS+AY=
github.com/kr/text v0.2.0/go.mod h1:eLer722TekiGuMkidMxC/pM04lWEeraHUUmBw8l2grE=
github.com/labstack/echo v3.3.10+incompatible h1:pGRcYk231ExFAyoAjAfD85kQzRJCRI8bbnE7CX5OEgg=
github.com/labstack/echo v3.3.10+incompatible/go.mod h1:0INS7j/VjnFxD4E2wkz67b8cVwCLbBmJyDaka6Cmk1s=
github.com/labstack/echo/v4 v4.1.11 h1:z0BZoArY4FqdpUEl+wlHp4hnr/oSR6MTmQmv8OHSoww=
github.com/labstack/echo/v4 v4.1.11/go.mod h1:i541M3Fj6f76NZtHSj7TXnyM8n2gaodfvfxNnFqi74g=
github.com/labstack/echo/v4 v4.1.16 h1:8swiwjE5Jkai3RPfZoahp8kjVCRNq+y7Q0hPji2Kz0o=
github.com/labstack/echo/v4 v4.1.16/go.mod h1:awO+5TzAjvL8XpibdsfXxPgHr+orhtXZJZIQCVjogKI=
github.com/labstack/gommon v0.3.0 h1:JEeO0bvc78PKdyHxloTKiF8BD5iGrH8T6MSeGvSgob0=
github.com/labstack/gommon v0.3.0/go.mod h1:MULnywXg0yavhxWKc+lOruYdAhDwPK9wf0OL7NoOu+k=
github.com/mattn/go-colorable v0.1.2/go.mod h1:U0ppj6V5qS13XJ6of8GYAs25YV2eR4EVcfRqFIhoBtE=
github.com/mattn/go-colorable v0.1.4 h1:snbPLB8fVfU9iwbbo30TPtbLRzwWu6aJS6Xh4eaaviA=
github.com/mattn/go-colorable v0.1.4/go.mod h1:U0ppj6V5qS13XJ6of8GYAs25YV2eR4EVcfRqFIhoBtE=
github.com/mattn/go-colorable v0.1.6 h1:6Su7aK7lXmJ/U79bYtBjLNaha4Fs1Rg9plHpcH+vvnE=
github.com/mattn/go-colorable v0.1.6/go.mod h1:u6P/XSegPjTcexA+o6vUJrdnUu04hMope9wVRipJSqc=
github.com/mattn/go-isatty v0.0.8/go.mod h1:Iq45c/XA43vh69/j3iqttzPXn0bhXyGjM0Hdxcsrc5s=
github.com/mattn/go-isatty v0.0.9/go.mod h1:YNRxwqDuOph6SZLI9vUUz6OYw3QyUt7WiY2yME+cCiQ=
github.com/mattn/go-isatty v0.0.10 h1:qxFzApOv4WsAL965uUPIsXzAKCZxN2p9UqdhFS4ZW10=
github.com/mattn/go-isatty v0.0.10/go.mod h1:qgIWMr58cqv1PHHyhnkY9lrL7etaEgOFcMEpPG5Rm84=
github.com/mattn/go-isatty v0.0.12 h1:wuysRhFDzyxgEmMf5xjvJ2M9dZoWAXNNr5LSBS7uHXY=
github.com/mattn/go-isatty v0.0.12/go.mod h1:cbi8OIDigv2wuxKPP5vlRcQ1OAZbq2CE4Kysco4FUpU=
github.com/niemeyer/pretty v0.0.0-20200227124842-a10e7caefd8e h1:fD57ERR4JtEqsWbfPhv4DMiApHyliiK5xCTNVSPiaAs=
github.com/niemeyer/pretty v0.0.0-20200227124842-a10e7caefd8e/go.mod h1:zD1mROLANZcx1PVRCS0qkT7pwLkGfwJo4zjcN/Tysno=
github.com/pion/logging v0.2.2 h1:M9+AIj/+pxNsDfAT64+MAVgJO0rsyLnoJKCqf//DoeY=
github.com/pion/logging v0.2.2/go.mod h1:k0/tDVsRCX2Mb2ZEmTqNa7CWsQPc+YYCB7Q+5pahoms=
github.com/pion/sctp v1.7.6 h1:8qZTdJtbKfAns/Hv5L0PAj8FyXcsKhMH1pKUCGisQg4=
github.com/pion/sctp v1.7.6/go.mod h1:ichkYQ5tlgCQwEwvgfdcAolqx1nHbYCxo4D7zK/K0X8=
github.com/pion/transport v0.8.10 h1:lTiobMEw2PG6BH/mgIVqTV2mBp/mPT+IJLaN8ZxgdHk=
github.com/pion/transport v0.8.10/go.mod h1:tBmha/UCjpum5hqTWhfAEs3CO4/tHSg0MYRhSzR+CZ8=
github.com/pion/transport v0.9.2 h1:B4k7nmf/gL+M9506Zgm6ymRtQuYYZHSlaGv25Hwrs9M=
github.com/pion/transport v0.9.2/go.mod h1:O5wqQ7gDvcsMmTG+aIZR0ckHIRM4CmNTOzbLT1ZFA8g=
github.com/pkg/errors v0.9.1 h1:FEBLx1zS214owpjy7qsBeixbURkuhQAwrK5UwLGTwt4=
github.com/pkg/errors v0.9.1/go.mod h1:bwawxfHBFNV+L2hUp1rHADufV3IMtnDRdf1r5NINEl0=
github.com/pmezard/go-difflib v1.0.0 h1:4DBwDE0NGyQoBHbLQYPwSUPoCMWR5BEzIk/f1lZbAQM=
github.com/pmezard/go-difflib v1.0.0/go.mod h1:iKH77koFhYxTK1pcRnkKkqfTogsbg7gZNVY4sRDYZ/4=
github.com/prometheus/client_model v0.0.0-20190812154241-14fe0d1b01d4/go.mod h1:xMI15A0UPsDsEKsMN9yxemIoYk6Tm2C1GtYGdfGttqA=
github.com/rogpeppe/go-internal v1.3.0/go.mod h1:M8bDsm7K2OlrFYOpmOWEs/qY81heoFRclV5y23lUDJ4=
github.com/rogpeppe/godef v1.1.2/go.mod h1:WtY9A/ovuQ+UakAJ1/CEqwwulX/WJjb2kgkokCHi/GY=
github.com/stretchr/objx v0.1.0/go.mod h1:HFkY916IF+rwdDfMAkV7OtwuqBVzrE8GR6GFx+wExME=
github.com/stretchr/objx v0.2.0 h1:Hbg2NidpLE8veEBkEZTL3CvlkUIVzuU9jDplZO54c48=
github.com/stretchr/objx v0.2.0/go.mod h1:qt09Ya8vawLte6SNmTgCsAVtYtaKzEcn8ATUoHMkEqE=
github.com/stretchr/testify v1.3.0/go.mod h1:M5WIy9Dh21IEIfnGCwXGc5bZfKNJtfHm1UVUgZn+9EI=
github.com/stretchr/testify v1.4.0/go.mod h1:j7eGeouHqKxXV5pUuKE4zz7dFj8WfuZ+81PSLYec5m4=
github.com/stretchr/testify v1.5.1 h1:nOGnQDM7FYENwehXlg/kFVnos3rEvtKTjRvOWSzb6H4=
github.com/stretchr/testify v1.5.1/go.mod h1:5W2xD1RspED5o8YsWQXVCued0rvSQ+mT+I5cxcmMvtA=
github.com/tyler-smith/go-bip39 v1.0.2 h1:+t3w+KwLXO6154GNJY+qUtIxLTmFjfUmpguQT1OlOT8=
github.com/tyler-smith/go-bip39 v1.0.2/go.mod h1:sJ5fKU0s6JVwZjjcUEX2zFOnvq0ASQ2K9Zr6cf67kNs=
github.com/valyala/bytebufferpool v1.0.0 h1:GqA5TC/0021Y/b9FG4Oi9Mr3q7XYx6KllzawFIhcdPw=
github.com/valyala/bytebufferpool v1.0.0/go.mod h1:6bBcMArwyJ5K/AmCkWv1jt77kVWyCJ6HpOuEn7z0Csc=
github.com/valyala/fasttemplate v1.0.1/go.mod h1:UQGH1tvbgY+Nz5t2n7tXsz52dQxojPUpymEIMZ47gx8=
github.com/valyala/fasttemplate v1.1.0 h1:RZqt0yGBsps8NGvLSGW804QQqCUYYLsaOjTVHy1Ocw4=
github.com/valyala/fasttemplate v1.1.0/go.mod h1:UQGH1tvbgY+Nz5t2n7tXsz52dQxojPUpymEIMZ47gx8=
github.com/vmihailenco/msgpack/v4 v4.3.11 h1:Q47CePddpNGNhk4GCnAx9DDtASi2rasatE0cd26cZoE=
github.com/vmihailenco/msgpack/v4 v4.3.11/go.mod h1:gborTTJjAo/GWTqqRjrLCn9pgNN+NXzzngzBKDPIqw4=
github.com/vmihailenco/tagparser v0.1.1 h1:quXMXlA39OCbd2wAdTsGDlK9RkOk6Wuw+x37wVyIuWY=
github.com/vmihailenco/tagparser v0.1.1/go.mod h1:OeAg3pn3UbLjkWt+rN9oFYB6u/cQgqMEUPoW2WPyhdI=
github.com/yuin/goldmark v1.1.27/go.mod h1:3hX8gzYuyVAZsxl0MRgGTJEmQBFcNTphYh9decYSb74=
github.com/zalando/go-keyring v0.0.0-20200121091418-667557018717 h1:3M/uUZajYn/082wzUajekePxpUAZhMTfXvI9R+26SJ0=
github.com/zalando/go-keyring v0.0.0-20200121091418-667557018717/go.mod h1:RaxNwUITJaHVdQ0VC7pELPZ3tOWn13nr0gZMZEhpVU0=
go.opencensus.io v0.21.0/go.mod h1:mSImk1erAIZhrmZN+AvHh14ztQfjbGwt4TtuofqLduU=
go.opencensus.io v0.22.0/go.mod h1:+kGneAE2xo2IficOXnaByMWTGM9T73dGwxeWcUqIpI8=
go.opencensus.io v0.22.2/go.mod h1:yxeiOL68Rb0Xd1ddK5vPZ/oVn4vY4Ynel7k9FzqtOIw=
golang.org/x/crypto v0.0.0-20190308221718-c2843e01d9a2/go.mod h1:djNgcEr1/C05ACkg1iLfiJU5Ep61QUkGW8qpdssI0+w=
golang.org/x/crypto v0.0.0-20190510104115-cbcb75029529/go.mod h1:yigFU9vqHzYiE8UmvKecakEJjdnWj3jj499lnFckfCI=
golang.org/x/crypto v0.0.0-20190605123033-f99c8df09eb5/go.mod h1:yigFU9vqHzYiE8UmvKecakEJjdnWj3jj499lnFckfCI=
golang.org/x/crypto v0.0.0-20190701094942-4def268fd1a4/go.mod h1:yigFU9vqHzYiE8UmvKecakEJjdnWj3jj499lnFckfCI=
golang.org/x/crypto v0.0.0-20191011191535-87dc89f01550/go.mod h1:yigFU9vqHzYiE8UmvKecakEJjdnWj3jj499lnFckfCI=
golang.org/x/crypto v0.0.0-20200117160349-530e935923ad/go.mod h1:LzIPMQfyMNhhGPhUkYOs5KpL4U8rLKemX1yGLhDgUto=
golang.org/x/crypto v0.0.0-20200221231518-2aa609cf4a9d/go.mod h1:LzIPMQfyMNhhGPhUkYOs5KpL4U8rLKemX1yGLhDgUto=
golang.org/x/crypto v0.0.0-20200323165209-0ec3e9974c59 h1:3zb4D3T4G8jdExgVU/95+vQXfpEPiMdCaZgmGVxjNHM=
golang.org/x/crypto v0.0.0-20200323165209-0ec3e9974c59/go.mod h1:LzIPMQfyMNhhGPhUkYOs5KpL4U8rLKemX1yGLhDgUto=
golang.org/x/crypto v0.0.0-20200406173513-056763e48d71 h1:DOmugCavvUtnUD114C1Wh+UgTgQZ4pMLzXxi1pSt+/Y=
golang.org/x/crypto v0.0.0-20200406173513-056763e48d71/go.mod h1:LzIPMQfyMNhhGPhUkYOs5KpL4U8rLKemX1yGLhDgUto=
golang.org/x/exp v0.0.0-20190121172915-509febef88a4/go.mod h1:CJ0aWSM057203Lf6IL+f9T1iT9GByDxfZKAQTCR3kQA=
golang.org/x/exp v0.0.0-20190306152737-a1d7652674e8/go.mod h1:CJ0aWSM057203Lf6IL+f9T1iT9GByDxfZKAQTCR3kQA=
golang.org/x/exp v0.0.0-20190510132918-efd6b22b2522/go.mod h1:ZjyILWgesfNpC6sMxTJOJm9Kp84zZh5NQWvqDGG3Qr8=
golang.org/x/exp v0.0.0-20190829153037-c13cbed26979/go.mod h1:86+5VVa7VpoJ4kLfm080zCjGlMRFzhUhsZKEZO7MGek=
golang.org/x/exp v0.0.0-20191030013958-a1ab85dbe136/go.mod h1:JXzH8nQsPlswgeRAPE3MuO9GYsAcnJvJ4vnMwN/5qkY=
golang.org/x/exp v0.0.0-20191227195350-da58074b4299/go.mod h1:2RIsYlXP63K8oxa1u096TMicItID8zy7Y6sNkU49FU4=
golang.org/x/image v0.0.0-20190227222117-0694c2d4d067/go.mod h1:kZ7UVZpmo3dzQBMxlp+ypCbDeSB+sBbTgSJuh5dn5js=
golang.org/x/image v0.0.0-20190802002840-cff245a6509b/go.mod h1:FeLwcggjj3mMvU+oOTbSwawSJRM1uh48EjtB4UJZlP0=
golang.org/x/lint v0.0.0-20181026193005-c67002cb31c3/go.mod h1:UVdnD1Gm6xHRNCYTkRU2/jEulfH38KcIWyp/GAMgvoE=
golang.org/x/lint v0.0.0-20190227174305-5b3e6a55c961/go.mod h1:wehouNa3lNwaWXcvxsM5YxQ5yQlVC4a0KAMCusXpPoU=
golang.org/x/lint v0.0.0-20190301231843-5614ed5bae6f/go.mod h1:UVdnD1Gm6xHRNCYTkRU2/jEulfH38KcIWyp/GAMgvoE=
golang.org/x/lint v0.0.0-20190313153728-d0100b6bd8b3/go.mod h1:6SW0HCj/g11FgYtHlgUYUwCkIfeOF89ocIRzGO/8vkc=
golang.org/x/lint v0.0.0-20190409202823-959b441ac422/go.mod h1:6SW0HCj/g11FgYtHlgUYUwCkIfeOF89ocIRzGO/8vkc=
golang.org/x/lint v0.0.0-20190909230951-414d861bb4ac/go.mod h1:6SW0HCj/g11FgYtHlgUYUwCkIfeOF89ocIRzGO/8vkc=
golang.org/x/lint v0.0.0-20190930215403-16217165b5de/go.mod h1:6SW0HCj/g11FgYtHlgUYUwCkIfeOF89ocIRzGO/8vkc=
golang.org/x/lint v0.0.0-20191125180803-fdd1cda4f05f/go.mod h1:5qLYkcX4OjUUV8bRuDixDT3tpyyb+LUpUlRWLxfhWrs=
golang.org/x/mobile v0.0.0-20190312151609-d3739f865fa6/go.mod h1:z+o9i4GpDbdi3rU15maQ/Ox0txvL9dWGYEHz965HBQE=
golang.org/x/mobile v0.0.0-20190719004257-d2bd2a29d028/go.mod h1:E/iHnbuqvinMTCcRqshq8CkpyQDoeVncDDYHnLhea+o=
golang.org/x/mod v0.0.0-20190513183733-4bf6d317e70e/go.mod h1:mXi4GBBbnImb6dmsKGUJ2LatrhH/nqhxcFungHvyanc=
golang.org/x/mod v0.1.0/go.mod h1:0QHyrYULN0/3qlju5TqG8bIK38QM8yzMo5ekMj3DlcY=
golang.org/x/mod v0.1.1-0.20191105210325-c90efee705ee/go.mod h1:QqPTAvyqsEbceGzBzNggFXnrqF1CaUcvgkdR5Ot7KZg=
golang.org/x/mod v0.2.0/go.mod h1:s0Qsj1ACt9ePp/hMypM3fl4fZqREWJwdYDEqhRiZZUA=
golang.org/x/net v0.0.0-20180724234803-3673e40ba225/go.mod h1:mL1N/T3taQHkDXs73rZJwtUhF3w3ftmwwsq0BUmARs4=
golang.org/x/net v0.0.0-20180826012351-8a410e7b638d/go.mod h1:mL1N/T3taQHkDXs73rZJwtUhF3w3ftmwwsq0BUmARs4=
golang.org/x/net v0.0.0-20190108225652-1e06a53dbb7e/go.mod h1:mL1N/T3taQHkDXs73rZJwtUhF3w3ftmwwsq0BUmARs4=
golang.org/x/net v0.0.0-20190213061140-3a22650c66bd/go.mod h1:mL1N/T3taQHkDXs73rZJwtUhF3w3ftmwwsq0BUmARs4=
golang.org/x/net v0.0.0-20190311183353-d8887717615a/go.mod h1:t9HGtf8HONx5eT2rtn7q6eTqICYqUVnKs3thJo3Qplg=
golang.org/x/net v0.0.0-20190404232315-eb5bcb51f2a3/go.mod h1:t9HGtf8HONx5eT2rtn7q6eTqICYqUVnKs3thJo3Qplg=
golang.org/x/net v0.0.0-20190501004415-9ce7a6920f09/go.mod h1:t9HGtf8HONx5eT2rtn7q6eTqICYqUVnKs3thJo3Qplg=
golang.org/x/net v0.0.0-20190503192946-f4e77d36d62c/go.mod h1:t9HGtf8HONx5eT2rtn7q6eTqICYqUVnKs3thJo3Qplg=
golang.org/x/net v0.0.0-20190603091049-60506f45cf65/go.mod h1:HSz+uSET+XFnRR8LxR5pz3Of3rY3CfYBVs4xY44aLks=
golang.org/x/net v0.0.0-20190620200207-3b0461eec859/go.mod h1:z5CRVTTTmAJ677TzLLGU+0bjPO0LkuOLi4/5GtJWs/s=
golang.org/x/net v0.0.0-20191209160850-c0dbc17a3553/go.mod h1:z5CRVTTTmAJ677TzLLGU+0bjPO0LkuOLi4/5GtJWs/s=
golang.org/x/net v0.0.0-20200226121028-0de0cce0169b/go.mod h1:z5CRVTTTmAJ677TzLLGU+0bjPO0LkuOLi4/5GtJWs/s=
golang.org/x/net v0.0.0-20200301022130-244492dfa37a/go.mod h1:z5CRVTTTmAJ677TzLLGU+0bjPO0LkuOLi4/5GtJWs/s=
golang.org/x/net v0.0.0-20200324143707-d3edc9973b7e h1:3G+cUijn7XD+S4eJFddp53Pv7+slrESplyjG25HgL+k=
golang.org/x/net v0.0.0-20200324143707-d3edc9973b7e/go.mod h1:qpuaurCH72eLCgpAm/N6yyVIVM9cpaDIP3A8BGJEC5A=
golang.org/x/oauth2 v0.0.0-20180821212333-d2e6202438be/go.mod h1:N/0e6XlmueqKjAGxoOufVs8QHGRruUQn6yWY3a++T0U=
golang.org/x/oauth2 v0.0.0-20190226205417-e64efc72b421/go.mod h1:gOpvHmFTYa4IltrdGE7lF6nIHvwfUNPOp7c8zoXwtLw=
golang.org/x/oauth2 v0.0.0-20190604053449-0f29369cfe45/go.mod h1:gOpvHmFTYa4IltrdGE7lF6nIHvwfUNPOp7c8zoXwtLw=
golang.org/x/oauth2 v0.0.0-20191202225959-858c2ad4c8b6/go.mod h1:gOpvHmFTYa4IltrdGE7lF6nIHvwfUNPOp7c8zoXwtLw=
golang.org/x/oauth2 v0.0.0-20200107190931-bf48bf16ab8d/go.mod h1:gOpvHmFTYa4IltrdGE7lF6nIHvwfUNPOp7c8zoXwtLw=
golang.org/x/sync v0.0.0-20180314180146-1d60e4601c6f/go.mod h1:RxMgew5VJxzue5/jJTE5uejpjVlOe/izrB70Jof72aM=
golang.org/x/sync v0.0.0-20181108010431-42b317875d0f/go.mod h1:RxMgew5VJxzue5/jJTE5uejpjVlOe/izrB70Jof72aM=
golang.org/x/sync v0.0.0-20181221193216-37e7f081c4d4/go.mod h1:RxMgew5VJxzue5/jJTE5uejpjVlOe/izrB70Jof72aM=
golang.org/x/sync v0.0.0-20190227155943-e225da77a7e6/go.mod h1:RxMgew5VJxzue5/jJTE5uejpjVlOe/izrB70Jof72aM=
golang.org/x/sync v0.0.0-20190423024810-112230192c58/go.mod h1:RxMgew5VJxzue5/jJTE5uejpjVlOe/izrB70Jof72aM=
golang.org/x/sync v0.0.0-20190911185100-cd5d95a43a6e h1:vcxGaoTs7kV8m5Np9uUNQin4BrLOthgV7252N8V+FwY=
golang.org/x/sync v0.0.0-20190911185100-cd5d95a43a6e/go.mod h1:RxMgew5VJxzue5/jJTE5uejpjVlOe/izrB70Jof72aM=
golang.org/x/sys v0.0.0-20180830151530-49385e6e1522/go.mod h1:STP8DvDyc/dI5b8T5hshtkjS+E42TnysNCUPdjciGhY=
golang.org/x/sys v0.0.0-20190215142949-d0b11bdaac8a/go.mod h1:STP8DvDyc/dI5b8T5hshtkjS+E42TnysNCUPdjciGhY=
golang.org/x/sys v0.0.0-20190222072716-a9d3bda3a223/go.mod h1:STP8DvDyc/dI5b8T5hshtkjS+E42TnysNCUPdjciGhY=
golang.org/x/sys v0.0.0-20190312061237-fead79001313/go.mod h1:h1NjWce9XRLGQEsW7wpKNCjG9DtNlClVuFLEZdDNbEs=
golang.org/x/sys v0.0.0-20190412213103-97732733099d/go.mod h1:h1NjWce9XRLGQEsW7wpKNCjG9DtNlClVuFLEZdDNbEs=
golang.org/x/sys v0.0.0-20190502145724-3ef323f4f1fd/go.mod h1:h1NjWce9XRLGQEsW7wpKNCjG9DtNlClVuFLEZdDNbEs=
golang.org/x/sys v0.0.0-20190507160741-ecd444e8653b/go.mod h1:h1NjWce9XRLGQEsW7wpKNCjG9DtNlClVuFLEZdDNbEs=
golang.org/x/sys v0.0.0-20190606165138-5da285871e9c/go.mod h1:h1NjWce9XRLGQEsW7wpKNCjG9DtNlClVuFLEZdDNbEs=
golang.org/x/sys v0.0.0-20190624142023-c5567b49c5d0/go.mod h1:h1NjWce9XRLGQEsW7wpKNCjG9DtNlClVuFLEZdDNbEs=
golang.org/x/sys v0.0.0-20190813064441-fde4db37ae7a/go.mod h1:h1NjWce9XRLGQEsW7wpKNCjG9DtNlClVuFLEZdDNbEs=
golang.org/x/sys v0.0.0-20191008105621-543471e840be/go.mod h1:h1NjWce9XRLGQEsW7wpKNCjG9DtNlClVuFLEZdDNbEs=
golang.org/x/sys v0.0.0-20191204072324-ce4227a45e2e/go.mod h1:h1NjWce9XRLGQEsW7wpKNCjG9DtNlClVuFLEZdDNbEs=
golang.org/x/sys v0.0.0-20191228213918-04cbcbbfeed8/go.mod h1:h1NjWce9XRLGQEsW7wpKNCjG9DtNlClVuFLEZdDNbEs=
golang.org/x/sys v0.0.0-20200116001909-b77594299b42/go.mod h1:h1NjWce9XRLGQEsW7wpKNCjG9DtNlClVuFLEZdDNbEs=
golang.org/x/sys v0.0.0-20200121082415-34d275377bf9 h1:N19i1HjUnR7TF7rMt8O4p3dLvqvmYyzB6ifMFmrbY50=
golang.org/x/sys v0.0.0-20200121082415-34d275377bf9/go.mod h1:h1NjWce9XRLGQEsW7wpKNCjG9DtNlClVuFLEZdDNbEs=
golang.org/x/sys v0.0.0-20200223170610-d5e6a3e2c0ae/go.mod h1:h1NjWce9XRLGQEsW7wpKNCjG9DtNlClVuFLEZdDNbEs=
golang.org/x/sys v0.0.0-20200323222414-85ca7c5b95cd/go.mod h1:h1NjWce9XRLGQEsW7wpKNCjG9DtNlClVuFLEZdDNbEs=
golang.org/x/sys v0.0.0-20200327173247-9dae0f8f5775 h1:TC0v2RSO1u2kn1ZugjrFXkRZAEaqMN/RW+OTZkBzmLE=
golang.org/x/sys v0.0.0-20200327173247-9dae0f8f5775/go.mod h1:h1NjWce9XRLGQEsW7wpKNCjG9DtNlClVuFLEZdDNbEs=
golang.org/x/sys v0.0.0-20200408040146-ea54a3c99b9b h1:h03Ur1RlPrGTjua4koYdpGl8W0eYo8p1uI9w7RPlkdk=
golang.org/x/sys v0.0.0-20200408040146-ea54a3c99b9b/go.mod h1:h1NjWce9XRLGQEsW7wpKNCjG9DtNlClVuFLEZdDNbEs=
golang.org/x/text v0.3.0/go.mod h1:NqM8EUOU14njkJ3fqMW+pc6Ldnwhi/IjpwHt7yyuwOQ=
golang.org/x/text v0.3.1-0.20180807135948-17ff2d5776d2/go.mod h1:NqM8EUOU14njkJ3fqMW+pc6Ldnwhi/IjpwHt7yyuwOQ=
golang.org/x/text v0.3.2 h1:tW2bmiBqwgJj/UpqtC8EpXEZVYOwU0yG4iWbprSVAcs=
golang.org/x/text v0.3.2/go.mod h1:bEr9sfX3Q8Zfm5fL9x+3itogRgK3+ptLWKqgva+5dAk=
golang.org/x/time v0.0.0-20181108054448-85acf8d2951c/go.mod h1:tRJNPiyCQ0inRvYxbN9jk5I+vvW/OXSQhTDSoE431IQ=
golang.org/x/time v0.0.0-20190308202827-9d24e82272b4/go.mod h1:tRJNPiyCQ0inRvYxbN9jk5I+vvW/OXSQhTDSoE431IQ=
golang.org/x/tools v0.0.0-20180917221912-90fa682c2a6e/go.mod h1:n7NCudcB/nEzxVGmLbDWY5pfWTLqBcC2KZ6jyYvM4mQ=
golang.org/x/tools v0.0.0-20190114222345-bf090417da8b/go.mod h1:n7NCudcB/nEzxVGmLbDWY5pfWTLqBcC2KZ6jyYvM4mQ=
golang.org/x/tools v0.0.0-20190226205152-f727befe758c/go.mod h1:9Yl7xja0Znq3iFh3HoIrodX9oNMXvdceNzlUR8zjMvY=
golang.org/x/tools v0.0.0-20190311212946-11955173bddd/go.mod h1:LCzVGOaR6xXOjkQ3onu1FJEFr0SW1gC7cKk1uF8kGRs=
golang.org/x/tools v0.0.0-20190312151545-0bb0c0a6e846/go.mod h1:LCzVGOaR6xXOjkQ3onu1FJEFr0SW1gC7cKk1uF8kGRs=
golang.org/x/tools v0.0.0-20190312170243-e65039ee4138/go.mod h1:LCzVGOaR6xXOjkQ3onu1FJEFr0SW1gC7cKk1uF8kGRs=
golang.org/x/tools v0.0.0-20190425150028-36563e24a262/go.mod h1:RgjU9mgBXZiqYHBnxXauZ1Gv1EHHAz9KjViQ78xBX0Q=
golang.org/x/tools v0.0.0-20190506145303-2d16b83fe98c/go.mod h1:RgjU9mgBXZiqYHBnxXauZ1Gv1EHHAz9KjViQ78xBX0Q=
golang.org/x/tools v0.0.0-20190524140312-2c0ae7006135/go.mod h1:RgjU9mgBXZiqYHBnxXauZ1Gv1EHHAz9KjViQ78xBX0Q=
golang.org/x/tools v0.0.0-20190606124116-d0a3d012864b/go.mod h1:/rFqwRUd4F7ZHNgwSSTFct+R/Kf4OFW1sUzUTQQTgfc=
golang.org/x/tools v0.0.0-20190621195816-6e04913cbbac/go.mod h1:/rFqwRUd4F7ZHNgwSSTFct+R/Kf4OFW1sUzUTQQTgfc=
golang.org/x/tools v0.0.0-20190628153133-6cdbf07be9d0/go.mod h1:/rFqwRUd4F7ZHNgwSSTFct+R/Kf4OFW1sUzUTQQTgfc=
golang.org/x/tools v0.0.0-20190816200558-6889da9d5479/go.mod h1:b+2E5dAYhXwXZwtnZ6UAqBI28+e2cm9otk0dWdXHAEo=
golang.org/x/tools v0.0.0-20190911174233-4f2ddba30aff/go.mod h1:b+2E5dAYhXwXZwtnZ6UAqBI28+e2cm9otk0dWdXHAEo=
golang.org/x/tools v0.0.0-20191012152004-8de300cfc20a/go.mod h1:b+2E5dAYhXwXZwtnZ6UAqBI28+e2cm9otk0dWdXHAEo=
golang.org/x/tools v0.0.0-20191112195655-aa38f8e97acc/go.mod h1:b+2E5dAYhXwXZwtnZ6UAqBI28+e2cm9otk0dWdXHAEo=
golang.org/x/tools v0.0.0-20191119224855-298f0cb1881e/go.mod h1:b+2E5dAYhXwXZwtnZ6UAqBI28+e2cm9otk0dWdXHAEo=
golang.org/x/tools v0.0.0-20191125144606-a911d9008d1f/go.mod h1:b+2E5dAYhXwXZwtnZ6UAqBI28+e2cm9otk0dWdXHAEo=
golang.org/x/tools v0.0.0-20191227053925-7b8e75db28f4/go.mod h1:TB2adYChydJhpapKDTa4BR/hXlZSLoq2Wpct/0txZ28=
golang.org/x/tools v0.0.0-20200107184032-11e9d9cc0042/go.mod h1:TB2adYChydJhpapKDTa4BR/hXlZSLoq2Wpct/0txZ28=
golang.org/x/tools v0.0.0-20200226224502-204d844ad48d/go.mod h1:TB2adYChydJhpapKDTa4BR/hXlZSLoq2Wpct/0txZ28=
golang.org/x/tools v0.0.0-20200410194907-79a7a3126eef/go.mod h1:EkVYQZoAsY45+roYkvgYkIh4xh/qjgUK9TdY2XT94GE=
golang.org/x/xerrors v0.0.0-20190717185122-a985d3407aa7/go.mod h1:I/5z698sn9Ka8TeJc9MKroUUfqBBauWjQqLJ2OPfmY0=
golang.org/x/xerrors v0.0.0-20191011141410-1b5146add898/go.mod h1:I/5z698sn9Ka8TeJc9MKroUUfqBBauWjQqLJ2OPfmY0=
golang.org/x/xerrors v0.0.0-20191204190536-9bdfabe68543/go.mod h1:I/5z698sn9Ka8TeJc9MKroUUfqBBauWjQqLJ2OPfmY0=
google.golang.org/api v0.4.0/go.mod h1:8k5glujaEP+g9n7WNsDg8QP6cUVNI86fCNMcbazEtwE=
google.golang.org/api v0.7.0/go.mod h1:WtwebWUNSVBH/HAw79HIFXZNqEvBhG+Ra+ax0hx3E3M=
google.golang.org/api v0.8.0/go.mod h1:o4eAsZoiT+ibD93RtjEohWalFOjRDx6CVaqeizhEnKg=
google.golang.org/api v0.9.0/go.mod h1:o4eAsZoiT+ibD93RtjEohWalFOjRDx6CVaqeizhEnKg=
google.golang.org/api v0.13.0/go.mod h1:iLdEw5Ide6rF15KTC1Kkl0iskquN2gFfn9o9XIsbkAI=
google.golang.org/api v0.15.0/go.mod h1:iLdEw5Ide6rF15KTC1Kkl0iskquN2gFfn9o9XIsbkAI=
google.golang.org/api v0.20.0/go.mod h1:BwFmGc8tA3vsd7r/7kR8DY7iEEGSU04BFxCo5jP/sfE=
google.golang.org/appengine v1.1.0/go.mod h1:EbEs0AVv82hx2wNQdGPgUI5lhzA/G0D9YwlJXL52JkM=
google.golang.org/appengine v1.4.0/go.mod h1:xpcJRLb0r/rnEns0DIKYYv+WjYCduHsrkT7/EB5XEv4=
google.golang.org/appengine v1.5.0/go.mod h1:xpcJRLb0r/rnEns0DIKYYv+WjYCduHsrkT7/EB5XEv4=
google.golang.org/appengine v1.6.1/go.mod h1:i06prIuMbXzDqacNJfV5OdTW448YApPu5ww/cMBSeb0=
google.golang.org/appengine v1.6.5 h1:tycE03LOZYQNhDpS27tcQdAzLCVMaj7QT2SXxebnpCM=
google.golang.org/appengine v1.6.5/go.mod h1:8WjMMxjGQR8xUklV/ARdw2HLXBOI7O7uCIDZVag1xfc=
google.golang.org/genproto v0.0.0-20180817151627-c66870c02cf8/go.mod h1:JiN7NxoALGmiZfu7CAH4rXhgtRTLTxftemlI0sWmxmc=
google.golang.org/genproto v0.0.0-20190307195333-5fe7a883aa19/go.mod h1:VzzqZJRnGkLBvHegQrXjBqPurQTc5/KpmUdxsrq26oE=
google.golang.org/genproto v0.0.0-20190418145605-e7d98fc518a7/go.mod h1:VzzqZJRnGkLBvHegQrXjBqPurQTc5/KpmUdxsrq26oE=
google.golang.org/genproto v0.0.0-20190425155659-357c62f0e4bb/go.mod h1:VzzqZJRnGkLBvHegQrXjBqPurQTc5/KpmUdxsrq26oE=
google.golang.org/genproto v0.0.0-20190502173448-54afdca5d873/go.mod h1:VzzqZJRnGkLBvHegQrXjBqPurQTc5/KpmUdxsrq26oE=
google.golang.org/genproto v0.0.0-20190801165951-fa694d86fc64/go.mod h1:DMBHOl98Agz4BDEuKkezgsaosCRResVns1a3J2ZsMNc=
google.golang.org/genproto v0.0.0-20190819201941-24fa4b261c55/go.mod h1:DMBHOl98Agz4BDEuKkezgsaosCRResVns1a3J2ZsMNc=
google.golang.org/genproto v0.0.0-20190911173649-1774047e7e51/go.mod h1:IbNlFCBrqXvoKpeg0TB2l7cyZUmoaFKYIwrEpbDKLA8=
google.golang.org/genproto v0.0.0-20191108220845-16a3f7862a1a/go.mod h1:n3cpQtvxv34hfy77yVDNjmbRyujviMdxYliBSkLhpCc=
google.golang.org/genproto v0.0.0-20191230161307-f3c370f40bfb/go.mod h1:n3cpQtvxv34hfy77yVDNjmbRyujviMdxYliBSkLhpCc=
google.golang.org/grpc v1.19.0/go.mod h1:mqu4LbDTu4XGKhr4mRzUsmM4RtVoemTSY81AxZiDr8c=
google.golang.org/grpc v1.20.1/go.mod h1:10oTOabMzJvdu6/UiuZezV6QK5dSlG84ov/aaiqXj38=
google.golang.org/grpc v1.21.1/go.mod h1:oYelfM1adQP15Ek0mdvEgi9Df8B9CZIaU1084ijfRaM=
google.golang.org/grpc v1.23.0/go.mod h1:Y5yQAOtifL1yxbo5wqy6BxZv8vAUGQwXBOALyacEbxg=
google.golang.org/grpc v1.26.0/go.mod h1:qbnxyOmOxrQa7FizSgH+ReBfzJrCY1pSN7KXBS8abTk=
google.golang.org/grpc v1.27.0/go.mod h1:qbnxyOmOxrQa7FizSgH+ReBfzJrCY1pSN7KXBS8abTk=
gopkg.in/check.v1 v0.0.0-20161208181325-20d25e280405/go.mod h1:Co6ibVJAznAaIkqp8huTwlJQCZ016jof/cbN4VW5Yz0=
gopkg.in/check.v1 v1.0.0-20180628173108-788fd7840127/go.mod h1:Co6ibVJAznAaIkqp8huTwlJQCZ016jof/cbN4VW5Yz0=
gopkg.in/check.v1 v1.0.0-20190902080502-41f04d3bba15 h1:YR8cESwS4TdDjEe65xsg0ogRM/Nc3DYOhEAlW+xobZo=
gopkg.in/check.v1 v1.0.0-20190902080502-41f04d3bba15/go.mod h1:Co6ibVJAznAaIkqp8huTwlJQCZ016jof/cbN4VW5Yz0=
gopkg.in/check.v1 v1.0.0-20200227125254-8fa46927fb4f h1:BLraFXnmrev5lT+xlilqcH8XK9/i0At2xKjWk4p6zsU=
gopkg.in/check.v1 v1.0.0-20200227125254-8fa46927fb4f/go.mod h1:Co6ibVJAznAaIkqp8huTwlJQCZ016jof/cbN4VW5Yz0=
gopkg.in/errgo.v2 v2.1.0/go.mod h1:hNsd1EY+bozCKY1Ytp96fpM3vjJbqLJn88ws8XvfDNI=
gopkg.in/yaml.v2 v2.2.2 h1:ZCJp+EgiOT7lHqUV2J862kp8Qj64Jo6az82+3Td9dZw=
gopkg.in/yaml.v2 v2.2.2/go.mod h1:hI93XBmqTisBFMUTm0b8Fm+jr3Dg1NNxqwp+5A1VGuI=
gopkg.in/yaml.v2 v2.2.8 h1:obN1ZagJSUGI0Ek/LBmuj4SNLPfIny3KsKFopxRdj10=
gopkg.in/yaml.v2 v2.2.8/go.mod h1:hI93XBmqTisBFMUTm0b8Fm+jr3Dg1NNxqwp+5A1VGuI=
gortc.io/stun v1.22.1 h1:96mOdDATYRqhYB+TZdenWBg4CzL2Ye5kPyBXQ8KAB+8=
gortc.io/stun v1.22.1/go.mod h1:XD5lpONVyjvV3BgOyJFNo0iv6R2oZB4L+weMqxts+zg=
honnef.co/go/tools v0.0.0-20190102054323-c2f93a96b099/go.mod h1:rf3lG4BRIbNafJWhAfAdb/ePZxsR/4RtNHQocxwk9r4=
honnef.co/go/tools v0.0.0-20190106161140-3f1c8253044a/go.mod h1:rf3lG4BRIbNafJWhAfAdb/ePZxsR/4RtNHQocxwk9r4=
honnef.co/go/tools v0.0.0-20190418001031-e561f6794a2a/go.mod h1:rf3lG4BRIbNafJWhAfAdb/ePZxsR/4RtNHQocxwk9r4=
honnef.co/go/tools v0.0.0-20190523083050-ea95bdfd59fc/go.mod h1:rf3lG4BRIbNafJWhAfAdb/ePZxsR/4RtNHQocxwk9r4=
honnef.co/go/tools v0.0.1-2019.2.3/go.mod h1:a3bituU0lyd329TUQxRnasdCoJDkEUEAqEt0JzvZhAg=
rsc.io/binaryregexp v0.2.0/go.mod h1:qTv7/COck+e2FymRvadv62gMdZztPaShugOCi3I+8D8=
